# This file is @generated by PDM.
# It is not intended for manual editing.

[metadata]
groups = ["default", "dev"]
strategy = ["cross_platform", "inherit_metadata"]
lock_version = "4.4.1"
content_hash = "sha256:a4b1fda42ed71d6e0040adae34cd77fd8eddb1055c54b771de53e071ea212501"

[[package]]
name = "boto3"
version = "1.34.63"
requires_python = ">= 3.8"
summary = "The AWS SDK for Python"
groups = ["default"]
dependencies = [
    "botocore<1.35.0,>=1.34.63",
    "jmespath<2.0.0,>=0.7.1",
    "s3transfer<0.11.0,>=0.10.0",
]
files = [
    {file = "boto3-1.34.63-py3-none-any.whl", hash = "sha256:617174f9051b564a57fb1079186ad15db6519ab3bb0d1fb22cb54767b0c4f46e"},
    {file = "boto3-1.34.63.tar.gz", hash = "sha256:e14f3866f6f372aadc5457ff9a052a45d9e2dd93466122ba86cdd5351cfeafaf"},
]

[[package]]
name = "boto3-stubs"
version = "1.34.63"
requires_python = ">=3.8"
summary = "Type annotations for boto3 1.34.63 generated with mypy-boto3-builder 7.23.2"
groups = ["dev"]
dependencies = [
    "botocore-stubs",
    "types-s3transfer",
    "typing-extensions>=4.1.0; python_version < \"3.12\"",
]
files = [
    {file = "boto3-stubs-1.34.63.tar.gz", hash = "sha256:ac5235dd3d18d4ccfd8cb6209926c8e1b89dff3873b3c6dd7a29e56748f2dc8d"},
    {file = "boto3_stubs-1.34.63-py3-none-any.whl", hash = "sha256:1e708beffcae5f12de41f745783a11a7fba3165c00ba3bf9cb1c4c1db405d6c3"},
]

[[package]]
name = "botocore"
version = "1.34.63"
requires_python = ">= 3.8"
summary = "Low-level, data-driven core of boto 3."
groups = ["default"]
dependencies = [
    "jmespath<2.0.0,>=0.7.1",
    "python-dateutil<3.0.0,>=2.1",
    "urllib3!=2.2.0,<3,>=1.25.4; python_version >= \"3.10\"",
]
files = [
    {file = "botocore-1.34.63-py3-none-any.whl", hash = "sha256:8a6cbc3a5c5988725c00815f8f7f6baf81980b19d9a2ee414b031e726759dba9"},
    {file = "botocore-1.34.63.tar.gz", hash = "sha256:2237743fc3ed68319bc358b451e7c13a02110242b1522b839806fd64fcee45fb"},
]

[[package]]
name = "botocore-stubs"
version = "1.34.63"
requires_python = ">=3.8,<4.0"
summary = "Type annotations and code completion for botocore"
groups = ["dev"]
dependencies = [
    "types-awscrt",
]
files = [
    {file = "botocore_stubs-1.34.63-py3-none-any.whl", hash = "sha256:17a3f2bc2ce801bccdbe399d7ac0fd27a62d524231061868ded557c256e1859c"},
    {file = "botocore_stubs-1.34.63.tar.gz", hash = "sha256:4c16af6a5e4cf85542d444fb9a46d99a314188c2b5edfe2f06b87983de5a8eed"},
]

[[package]]
name = "jmespath"
version = "1.0.1"
requires_python = ">=3.7"
summary = "JSON Matching Expressions"
groups = ["default"]
files = [
    {file = "jmespath-1.0.1-py3-none-any.whl", hash = "sha256:02e2e4cc71b5bcab88332eebf907519190dd9e6e82107fa7f83b1003a6252980"},
    {file = "jmespath-1.0.1.tar.gz", hash = "sha256:90261b206d6defd58fdd5e85f478bf633a2901798906be2ad389150c5c60edbe"},
]

[[package]]
name = "python-dateutil"
version = "2.9.0.post0"
requires_python = "!=3.0.*,!=3.1.*,!=3.2.*,>=2.7"
summary = "Extensions to the standard Python datetime module"
groups = ["default"]
dependencies = [
    "six>=1.5",
]
files = [
    {file = "python-dateutil-2.9.0.post0.tar.gz", hash = "sha256:37dd54208da7e1cd875388217d5e00ebd4179249f90fb72437e91a35459a0ad3"},
    {file = "python_dateutil-2.9.0.post0-py2.py3-none-any.whl", hash = "sha256:a8b2bc7bffae282281c8140a97d3aa9c14da0b136dfe83f850eea9a5f7470427"},
]

[[package]]
name = "roundtripini"
version = "0.4.0"
requires_python = ">=3.6"
summary = "A round-trip parser for ini files"
groups = ["default"]
files = [
    {file = "roundtripini-0.4.0-py3-none-any.whl", hash = "sha256:d7c9a1beb5cff2b2f6e16504a26a5484a142be6f327c18057b5645549049050d"},
    {file = "roundtripini-0.4.0.tar.gz", hash = "sha256:ec060e1a1723d8e797d838304dc5bb4f8c9322c2c8eac06ba009466ae5f26c1e"},
]

[[package]]
name = "s3transfer"
version = "0.10.1"
requires_python = ">= 3.8"
summary = "An Amazon S3 Transfer Manager"
groups = ["default"]
dependencies = [
    "botocore<2.0a.0,>=1.33.2",
]
files = [
    {file = "s3transfer-0.10.1-py3-none-any.whl", hash = "sha256:ceb252b11bcf87080fb7850a224fb6e05c8a776bab8f2b64b7f25b969464839d"},
    {file = "s3transfer-0.10.1.tar.gz", hash = "sha256:5683916b4c724f799e600f41dd9e10a9ff19871bf87623cc8f491cb4f5fa0a19"},
]

[[package]]
name = "six"
version = "1.16.0"
requires_python = ">=2.7, !=3.0.*, !=3.1.*, !=3.2.*"
summary = "Python 2 and 3 compatibility utilities"
groups = ["default"]
files = [
    {file = "six-1.16.0-py2.py3-none-any.whl", hash = "sha256:8abb2f1d86890a2dfb989f9a77cfcfd3e47c2a354b01111771326f8aa26e0254"},
    {file = "six-1.16.0.tar.gz", hash = "sha256:1e61c37477a1626458e36f7b1d82aa5c9b094fa4802892072e49de9c60c4c926"},
]

[[package]]
name = "types-awscrt"
version = "0.20.5"
requires_python = ">=3.7,<4.0"
summary = "Type annotations and code completion for awscrt"
groups = ["dev"]
files = [
    {file = "types_awscrt-0.20.5-py3-none-any.whl", hash = "sha256:79d5bfb01f64701b6cf442e89a37d9c4dc6dbb79a46f2f611739b2418d30ecfd"},
    {file = "types_awscrt-0.20.5.tar.gz", hash = "sha256:61811bbf4de95248939f9276a434be93d2b95f6ccfe8aa94e56999e9778cfcc2"},
]

[[package]]
name = "types-s3transfer"
version = "0.10.0"
requires_python = ">=3.7,<4.0"
summary = "Type annotations and code completion for s3transfer"
groups = ["dev"]
files = [
    {file = "types_s3transfer-0.10.0-py3-none-any.whl", hash = "sha256:44fcdf0097b924a9aab1ee4baa1179081a9559ca62a88c807e2b256893ce688f"},
    {file = "types_s3transfer-0.10.0.tar.gz", hash = "sha256:35e4998c25df7f8985ad69dedc8e4860e8af3b43b7615e940d53c00d413bdc69"},
]

[[package]]
name = "typing-extensions"
version = "4.10.0"
requires_python = ">=3.8"
summary = "Backported and Experimental Type Hints for Python 3.8+"
groups = ["dev"]
marker = "python_version < \"3.12\""
files = [
    {file = "typing_extensions-4.10.0-py3-none-any.whl", hash = "sha256:69b1a937c3a517342112fb4c6df7e72fc39a38e7891a5730ed4985b5214b5475"},
    {file = "typing_extensions-4.10.0.tar.gz", hash = "sha256:b0abd7c89e8fb96f98db18d86106ff1d90ab692004eb746cf6eda2682f91b3cb"},
]

[[package]]
name = "urllib3"
version = "2.2.1"
requires_python = ">=3.8"
summary = "HTTP library with thread-safe connection pooling, file post, and more."
groups = ["default"]
marker = "python_version >= \"3.10\""
files = [
    {file = "urllib3-2.2.1-py3-none-any.whl", hash = "sha256:450b20ec296a467077128bff42b73080516e71b56ff59a60a02bef2232c4fa9d"},
    {file = "urllib3-2.2.1.tar.gz", hash = "sha256:d0570876c61ab9e520d776c38acbbb5b05a776d3f9ff98a5c8fd5162a444cf19"},
]
